
Microsoft Visual Studio Solution File, Format Version 12.00
# Visual Studio Version 17
VisualStudioVersion = 17.2.32505.173
MinimumVisualStudioVersion = 10.0.40219.1
Project("{8BC9CEB8-8B4A-11D0-8D11-00A0C91BC942}") = "BasicHttp2Server", "BasicHttp2Server.vcxproj", "{52577704-71C5-40AB-9852-0AA7CD6B1B12}"
EndProject
Global
	GlobalSection(SolutionConfigurationPlatforms) = preSolution
		Debug|x64 = Debug|x64
		Debug|x86 = Debug|x86
		Release|x64 = Release|x64
		Release|x86 = Release|x86
	EndGlobalSection
	GlobalSection(ProjectConfigurationPlatforms) = postSolution
		{52577704-71C5-40AB-9852-0AA7CD6B1B12}.Debug|x64.ActiveCfg = Debug|x64
		{52577704-71C5-40AB-9852-0AA7CD6B1B12}.Debug|x64.Build.0 = Debug|x64
		{52577704-71C5-40AB-9852-0AA7CD6B1B12}.Debug|x86.ActiveCfg = Debug|Win32
		{52577704-71C5-40AB-9852-0AA7CD6B1B12}.Debug|x86.Build.0 = Debug|Win32
		{52577704-71C5-40AB-9852-0AA7CD6B1B12}.Release|x64.ActiveCfg = Release|x64
		{52577704-71C5-40AB-9852-0AA7CD6B1B12}.Release|x64.Build.0 = Release|x64
		{52577704-71C5-40AB-9852-0AA7CD6B1B12}.Release|x86.ActiveCfg = Release|Win32
		{52577704-71C5-40AB-9852-0AA7CD6B1B12}.Release|x86.Build.0 = Release|Win32
	EndGlobalSection
	GlobalSection(SolutionProperties) = preSolution
		HideSolutionNode = FALSE
	EndGlobalSection
	GlobalSection(ExtensibilityGlobals) = postSolution
		SolutionGuid = {EF834FD2-FCA8-4FC7-9935-76336FBDCB75}
	EndGlobalSection
EndGlobal
