
Microsoft Visual Studio Solution File, Format Version 12.00
# Visual Studio Version 17
VisualStudioVersion = 17.2.32526.322
MinimumVisualStudioVersion = 10.0.40219.1
Project("{9A19103F-16F7-4668-BE54-9A1E7A4F7556}") = "ThinClientKestrelTcpDemo", "Server\KestrelTcpDemo\ThinClientKestrelTcpDemo.csproj", "{689FDFD2-054B-4455-A749-C3CFA33CEB66}"
EndProject
Project("{9A19103F-16F7-4668-BE54-9A1E7A4F7556}") = "CosmosBenchmark", "Client\CosmosBenchmark.csproj", "{6382E90E-1C3F-4703-B6C8-7659B3DFA49F}"
EndProject
Global
	GlobalSection(SolutionConfigurationPlatforms) = preSolution
		Debug|Any CPU = Debug|Any CPU
		Release|Any CPU = Release|Any CPU
	EndGlobalSection
	GlobalSection(ProjectConfigurationPlatforms) = postSolution
		{689FDFD2-054B-4455-A749-C3CFA33CEB66}.Debug|Any CPU.ActiveCfg = Debug|Any CPU
		{689FDFD2-054B-4455-A749-C3CFA33CEB66}.Debug|Any CPU.Build.0 = Debug|Any CPU
		{689FDFD2-054B-4455-A749-C3CFA33CEB66}.Release|Any CPU.ActiveCfg = Release|Any CPU
		{689FDFD2-054B-4455-A749-C3CFA33CEB66}.Release|Any CPU.Build.0 = Release|Any CPU
		{6382E90E-1C3F-4703-B6C8-7659B3DFA49F}.Debug|Any CPU.ActiveCfg = Debug|Any CPU
		{6382E90E-1C3F-4703-B6C8-7659B3DFA49F}.Debug|Any CPU.Build.0 = Debug|Any CPU
		{6382E90E-1C3F-4703-B6C8-7659B3DFA49F}.Release|Any CPU.ActiveCfg = Release|Any CPU
		{6382E90E-1C3F-4703-B6C8-7659B3DFA49F}.Release|Any CPU.Build.0 = Release|Any CPU
	EndGlobalSection
	GlobalSection(SolutionProperties) = preSolution
		HideSolutionNode = FALSE
	EndGlobalSection
	GlobalSection(ExtensibilityGlobals) = postSolution
		SolutionGuid = {0F8AC5EA-03BC-4D75-B009-EA210ED18008}
	EndGlobalSection
EndGlobal
