
Microsoft Visual Studio Solution File, Format Version 12.00
# Visual Studio Version 17
VisualStudioVersion = 17.2.32516.85
MinimumVisualStudioVersion = 10.0.40219.1
Project("{FAE04EC0-301F-11D3-BF4B-00C04F79EFBC}") = "TestServer", "TestServer.csproj", "{F47178FC-9273-4DA6-9445-86D2BABD7641}"
EndProject
Project("{FAE04EC0-301F-11D3-BF4B-00C04F79EFBC}") = "TecpClient", "..\TecpClient\TecpClient.csproj", "{551BDBF3-1A9A-40E1-AB2D-030D94C416F6}"
EndProject
Global
	GlobalSection(SolutionConfigurationPlatforms) = preSolution
		Debug|Any CPU = Debug|Any CPU
		Release|Any CPU = Release|Any CPU
	EndGlobalSection
	GlobalSection(ProjectConfigurationPlatforms) = postSolution
		{F47178FC-9273-4DA6-9445-86D2BABD7641}.Debug|Any CPU.ActiveCfg = Debug|Any CPU
		{F47178FC-9273-4DA6-9445-86D2BABD7641}.Debug|Any CPU.Build.0 = Debug|Any CPU
		{F47178FC-9273-4DA6-9445-86D2BABD7641}.Release|Any CPU.ActiveCfg = Release|Any CPU
		{F47178FC-9273-4DA6-9445-86D2BABD7641}.Release|Any CPU.Build.0 = Release|Any CPU
		{551BDBF3-1A9A-40E1-AB2D-030D94C416F6}.Debug|Any CPU.ActiveCfg = Debug|Any CPU
		{551BDBF3-1A9A-40E1-AB2D-030D94C416F6}.Debug|Any CPU.Build.0 = Debug|Any CPU
		{551BDBF3-1A9A-40E1-AB2D-030D94C416F6}.Release|Any CPU.ActiveCfg = Release|Any CPU
		{551BDBF3-1A9A-40E1-AB2D-030D94C416F6}.Release|Any CPU.Build.0 = Release|Any CPU
	EndGlobalSection
	GlobalSection(SolutionProperties) = preSolution
		HideSolutionNode = FALSE
	EndGlobalSection
	GlobalSection(ExtensibilityGlobals) = postSolution
		SolutionGuid = {27AB2765-E64D-4A3A-AD46-6CF264FAE074}
	EndGlobalSection
EndGlobal
